{
  "nodes": {
    "nixpkgs": {
      "locked": {
        "lastModified": 1609444776,
        "narHash": "sha256-T6oudJZTKD4JbMydet1ctY2MAcESEK8pVFGHa4uamy8=",
        "owner": "NixOS",
        "repo": "nixpkgs",
        "rev": "270e99600d656f47b49c1542b14c544a454c0132",
        "type": "github"
      },
      "original": {
        "id": "nixpkgs",
        "type": "indirect"
      }
    },
    "nixpkgs-mypy-0-740": {
      "flake": false,
      "locked": {
        "lastModified": 1608136118,
        "narHash": "sha256-yvnnBQrVsrWkRAEZDM3LiAVPSKBgk9ZgiSaa6NYmJX4=",
        "owner": "NixOS",
        "repo": "nixpkgs",
        "rev": "929768261a3ede470eafb58d5b819e1a848aa8bf",
        "type": "github"
      },
      "original": {
        "owner": "NixOS",
        "ref": "nixos-20.03",
        "repo": "nixpkgs",
        "type": "github"
      }
    },
    "nixpkgs-re2c-1-0-3": {
      "flake": false,
      "locked": {
        "lastModified": 1600952148,
        "narHash": "sha256-GUKHrnng33luc6mUT3rDnZ3Hm+4MMEJpEchRIAQx7JQ=",
        "owner": "NixOS",
        "repo": "nixpkgs",
        "rev": "75f4ba05c63be3f147bcc2f7bd4ba1f029cedcb1",
        "type": "github"
      },
      "original": {
        "owner": "NixOS",
        "ref": "nixos-19.09",
        "repo": "nixpkgs",
        "type": "github"
      }
    },
    "root": {
      "inputs": {
        "nixpkgs": "nixpkgs",
        "nixpkgs-mypy-0-740": "nixpkgs-mypy-0-740",
        "nixpkgs-re2c-1-0-3": "nixpkgs-re2c-1-0-3"
      }
    }
  },
  "root": "root",
  "version": 7
}
